
Microsoft Visual Studio Solution File, Format Version 12.00
# Visual Studio Version 17
VisualStudioVersion = 17.5.33530.505
MinimumVisualStudioVersion = 10.0.40219.1
Project("{FAE04EC0-301F-11D3-BF4B-00C04F79EFBC}") = "KutuphaneOtomasyon", "KutuphaneOtomasyon\KutuphaneOtomasyon.csproj", "{D17DE2FB-6324-4788-ABF1-8D62B2235AC4}"
EndProject
Global
	GlobalSection(SolutionConfigurationPlatforms) = preSolution
		Debug|Any CPU = Debug|Any CPU
		Release|Any CPU = Release|Any CPU
	EndGlobalSection
	GlobalSection(ProjectConfigurationPlatforms) = postSolution
		{D17DE2FB-6324-4788-ABF1-8D62B2235AC4}.Debug|Any CPU.ActiveCfg = Debug|Any CPU
		{D17DE2FB-6324-4788-ABF1-8D62B2235AC4}.Debug|Any CPU.Build.0 = Debug|Any CPU
		{D17DE2FB-6324-4788-ABF1-8D62B2235AC4}.Release|Any CPU.ActiveCfg = Release|Any CPU
		{D17DE2FB-6324-4788-ABF1-8D62B2235AC4}.Release|Any CPU.Build.0 = Release|Any CPU
	EndGlobalSection
	GlobalSection(SolutionProperties) = preSolution
		HideSolutionNode = FALSE
	EndGlobalSection
	GlobalSection(ExtensibilityGlobals) = postSolution
		SolutionGuid = {A14447B7-9FAB-4B3C-B19A-525A2274E02F}
	EndGlobalSection
EndGlobal
